
Microsoft Visual Studio Solution File, Format Version 12.00
# Visual Studio Version 16
VisualStudioVersion = 16.0.31911.196
MinimumVisualStudioVersion = 10.0.40219.1
Project("{9A19103F-16F7-4668-BE54-9A1E7A4F7556}") = "CarRentalManagement.Server", "CarRentalManagement\Server\CarRentalManagement.Server.csproj", "{C632D13A-5F13-4424-935E-DDD5967CD374}"
EndProject
Project("{9A19103F-16F7-4668-BE54-9A1E7A4F7556}") = "CarRentalManagement.Client", "CarRentalManagement\Client\CarRentalManagement.Client.csproj", "{A8A29200-2F17-46D6-BF8E-06CE524C6D98}"
EndProject
Project("{9A19103F-16F7-4668-BE54-9A1E7A4F7556}") = "CarRentalManagement.Shared", "CarRentalManagement\Shared\CarRentalManagement.Shared.csproj", "{261B43C2-346D-4E13-BFDA-AEA002A8EA08}"
EndProject
Global
	GlobalSection(SolutionConfigurationPlatforms) = preSolution
		Debug|Any CPU = Debug|Any CPU
		Release|Any CPU = Release|Any CPU
	EndGlobalSection
	GlobalSection(ProjectConfigurationPlatforms) = postSolution
		{C632D13A-5F13-4424-935E-DDD5967CD374}.Debug|Any CPU.ActiveCfg = Debug|Any CPU
		{C632D13A-5F13-4424-935E-DDD5967CD374}.Debug|Any CPU.Build.0 = Debug|Any CPU
		{C632D13A-5F13-4424-935E-DDD5967CD374}.Release|Any CPU.ActiveCfg = Release|Any CPU
		{C632D13A-5F13-4424-935E-DDD5967CD374}.Release|Any CPU.Build.0 = Release|Any CPU
		{A8A29200-2F17-46D6-BF8E-06CE524C6D98}.Debug|Any CPU.ActiveCfg = Release|Any CPU
		{A8A29200-2F17-46D6-BF8E-06CE524C6D98}.Debug|Any CPU.Build.0 = Release|Any CPU
		{A8A29200-2F17-46D6-BF8E-06CE524C6D98}.Release|Any CPU.ActiveCfg = Release|Any CPU
		{A8A29200-2F17-46D6-BF8E-06CE524C6D98}.Release|Any CPU.Build.0 = Release|Any CPU
		{261B43C2-346D-4E13-BFDA-AEA002A8EA08}.Debug|Any CPU.ActiveCfg = Debug|Any CPU
		{261B43C2-346D-4E13-BFDA-AEA002A8EA08}.Debug|Any CPU.Build.0 = Debug|Any CPU
		{261B43C2-346D-4E13-BFDA-AEA002A8EA08}.Release|Any CPU.ActiveCfg = Release|Any CPU
		{261B43C2-346D-4E13-BFDA-AEA002A8EA08}.Release|Any CPU.Build.0 = Release|Any CPU
	EndGlobalSection
	GlobalSection(SolutionProperties) = preSolution
		HideSolutionNode = FALSE
	EndGlobalSection
	GlobalSection(ExtensibilityGlobals) = postSolution
		SolutionGuid = {822DF80D-EF88-4775-AC0D-9C42661B4789}
	EndGlobalSection
EndGlobal
